<?xml version="1.0" encoding="utf-8"?>
<Project ToolsVersion="4.0" xmlns="http://schemas.microsoft.com/developer/msbuild/2003">
  <ItemGroup>
    <Filter Include="Исходные файлы">
      <UniqueIdentifier>{4FC737F1-C7A5-4376-A066-2A32D752A2FF}</UniqueIdentifier>
      <Extensions>cpp;c;cc;cxx;c++;cppm;ixx;def;odl;idl;hpj;bat;asm;asmx</Extensions>
    </Filter>
    <Filter Include="Файлы заголовков">
      <UniqueIdentifier>{93995380-89BD-4b04-88EB-625FBE52EBFB}</UniqueIdentifier>
      <Extensions>h;hh;hpp;hxx;h++;hm;inl;inc;ipp;xsd</Extensions>
    </Filter>
    <Filter Include="Файлы ресурсов">
      <UniqueIdentifier>{67DA6AB6-F800-4c08-8B7A-83BB121AAD01}</UniqueIdentifier>
      <Extensions>rc;ico;cur;bmp;dlg;rc2;rct;bin;rgs;gif;jpg;jpeg;jpe;resx;tiff;tif;png;wav;mfcribbon-ms</Extensions>
    </Filter>
  </ItemGroup>
  <ItemGroup>
    <ClCompile Include="main.cpp">
      <Filter>Исходные файлы</Filter>
    </ClCompile>
  </ItemGroup>
  <ItemGroup>
    <None Include="libs\bin\openal32.dll">
      <Filter>Файлы заголовков</Filter>
    </None>
    <None Include="libs\bin\sfml-audio-2.dll">
      <Filter>Файлы заголовков</Filter>
    </None>
    <None Include="libs\bin\sfml-audio-d-2.dll">
      <Filter>Файлы заголовков</Filter>
    </None>
    <None Include="libs\bin\sfml-graphics-2.dll">
      <Filter>Файлы заголовков</Filter>
    </None>
    <None Include="libs\bin\sfml-graphics-d-2.dll">
      <Filter>Файлы заголовков</Filter>
    </None>
    <None Include="libs\bin\sfml-network-2.dll">
      <Filter>Файлы заголовков</Filter>
    </None>
    <None Include="libs\bin\sfml-network-d-2.dll">
      <Filter>Файлы заголовков</Filter>
    </None>
    <None Include="libs\bin\sfml-system-2.dll">
      <Filter>Файлы заголовков</Filter>
    </None>
    <None Include="libs\bin\sfml-system-d-2.dll">
      <Filter>Файлы заголовков</Filter>
    </None>
    <None Include="libs\bin\sfml-window-2.dll">
      <Filter>Файлы заголовков</Filter>
    </None>
    <None Include="libs\bin\sfml-window-d-2.dll">
      <Filter>Файлы заголовков</Filter>
    </None>
    <None Include="libs\lib\sfml-audio-d.pdb">
      <Filter>Файлы заголовков</Filter>
    </None>
    <None Include="libs\lib\sfml-audio-s-d.pdb">
      <Filter>Файлы заголовков</Filter>
    </None>
    <None Include="libs\lib\sfml-graphics-d.pdb">
      <Filter>Файлы заголовков</Filter>
    </None>
    <None Include="libs\lib\sfml-graphics-s-d.pdb">
      <Filter>Файлы заголовков</Filter>
    </None>
    <None Include="libs\lib\sfml-main-s-d.pdb">
      <Filter>Файлы заголовков</Filter>
    </None>
    <None Include="libs\lib\sfml-network-d.pdb">
      <Filter>Файлы заголовков</Filter>
    </None>
    <None Include="libs\lib\sfml-network-s-d.pdb">
      <Filter>Файлы заголовков</Filter>
    </None>
    <None Include="libs\lib\sfml-system-d.pdb">
      <Filter>Файлы заголовков</Filter>
    </None>
    <None Include="libs\lib\sfml-system-s-d.pdb">
      <Filter>Файлы заголовков</Filter>
    </None>
    <None Include="libs\lib\sfml-window-d.pdb">
      <Filter>Файлы заголовков</Filter>
    </None>
    <None Include="libs\lib\sfml-window-s-d.pdb">
      <Filter>Файлы заголовков</Filter>
    </None>
    <None Include="libs\include\SFML\System\String.inl">
      <Filter>Файлы заголовков</Filter>
    </None>
    <None Include="libs\include\SFML\System\Thread.inl">
      <Filter>Файлы заголовков</Filter>
    </None>
    <None Include="libs\include\SFML\System\ThreadLocalPtr.inl">
      <Filter>Файлы заголовков</Filter>
    </None>
    <None Include="libs\include\SFML\System\Utf.inl">
      <Filter>Файлы заголовков</Filter>
    </None>
    <None Include="libs\include\SFML\System\Vector2.inl">
      <Filter>Файлы заголовков</Filter>
    </None>
    <None Include="libs\include\SFML\System\Vector3.inl">
      <Filter>Файлы заголовков</Filter>
    </None>
    <None Include="libs\include\SFML\Graphics\Glsl.inl">
      <Filter>Файлы заголовков</Filter>
    </None>
    <None Include="libs\include\SFML\Graphics\Rect.inl">
      <Filter>Файлы заголовков</Filter>
    </None>
  </ItemGroup>
  <ItemGroup>
    <Library Include="libs\lib\flac.lib">
      <Filter>Файлы заголовков</Filter>
    </Library>
    <Library Include="libs\lib\freetype.lib">
      <Filter>Файлы заголовков</Filter>
    </Library>
    <Library Include="libs\lib\ogg.lib">
      <Filter>Файлы заголовков</Filter>
    </Library>
    <Library Include="libs\lib\openal32.lib">
      <Filter>Файлы заголовков</Filter>
    </Library>
    <Library Include="libs\lib\sfml-audio.lib">
      <Filter>Файлы заголовков</Filter>
    </Library>
    <Library Include="libs\lib\sfml-audio-d.lib">
      <Filter>Файлы заголовков</Filter>
    </Library>
    <Library Include="libs\lib\sfml-audio-s.lib">
      <Filter>Файлы заголовков</Filter>
    </Library>
    <Library Include="libs\lib\sfml-audio-s-d.lib">
      <Filter>Файлы заголовков</Filter>
    </Library>
    <Library Include="libs\lib\sfml-graphics.lib">
      <Filter>Файлы заголовков</Filter>
    </Library>
    <Library Include="libs\lib\sfml-graphics-d.lib">
      <Filter>Файлы заголовков</Filter>
    </Library>
    <Library Include="libs\lib\sfml-graphics-s.lib">
      <Filter>Файлы заголовков</Filter>
    </Library>
    <Library Include="libs\lib\sfml-graphics-s-d.lib">
      <Filter>Файлы заголовков</Filter>
    </Library>
    <Library Include="libs\lib\sfml-main.lib">
      <Filter>Файлы заголовков</Filter>
    </Library>
    <Library Include="libs\lib\sfml-main-d.lib">
      <Filter>Файлы заголовков</Filter>
    </Library>
    <Library Include="libs\lib\sfml-network.lib">
      <Filter>Файлы заголовков</Filter>
    </Library>
    <Library Include="libs\lib\sfml-network-d.lib">
      <Filter>Файлы заголовков</Filter>
    </Library>
    <Library Include="libs\lib\sfml-network-s.lib">
      <Filter>Файлы заголовков</Filter>
    </Library>
    <Library Include="libs\lib\sfml-network-s-d.lib">
      <Filter>Файлы заголовков</Filter>
    </Library>
    <Library Include="libs\lib\sfml-system.lib">
      <Filter>Файлы заголовков</Filter>
    </Library>
    <Library Include="libs\lib\sfml-system-d.lib">
      <Filter>Файлы заголовков</Filter>
    </Library>
    <Library Include="libs\lib\sfml-system-s.lib">
      <Filter>Файлы заголовков</Filter>
    </Library>
    <Library Include="libs\lib\sfml-system-s-d.lib">
      <Filter>Файлы заголовков</Filter>
    </Library>
    <Library Include="libs\lib\sfml-window.lib">
      <Filter>Файлы заголовков</Filter>
    </Library>
    <Library Include="libs\lib\sfml-window-d.lib">
      <Filter>Файлы заголовков</Filter>
    </Library>
    <Library Include="libs\lib\sfml-window-s.lib">
      <Filter>Файлы заголовков</Filter>
    </Library>
    <Library Include="libs\lib\sfml-window-s-d.lib">
      <Filter>Файлы заголовков</Filter>
    </Library>
    <Library Include="libs\lib\vorbis.lib">
      <Filter>Файлы заголовков</Filter>
    </Library>
    <Library Include="libs\lib\vorbisenc.lib">
      <Filter>Файлы заголовков</Filter>
    </Library>
    <Library Include="libs\lib\vorbisfile.lib">
      <Filter>Файлы заголовков</Filter>
    </Library>
    <Library Include="..\..\..\..\..\Program Files (x86)\Windows Kits\10\Lib\10.0.19041.0\um\x64\OpenGL32.Lib">
      <Filter>Файлы заголовков</Filter>
    </Library>
  </ItemGroup>
  <ItemGroup>
    <ClInclude Include="libs\include\SFML\Audio.hpp">
      <Filter>Файлы заголовков</Filter>
    </ClInclude>
    <ClInclude Include="libs\include\SFML\Config.hpp">
      <Filter>Файлы заголовков</Filter>
    </ClInclude>
    <ClInclude Include="libs\include\SFML\GpuPreference.hpp">
      <Filter>Файлы заголовков</Filter>
    </ClInclude>
    <ClInclude Include="libs\include\SFML\Graphics.hpp">
      <Filter>Файлы заголовков</Filter>
    </ClInclude>
    <ClInclude Include="libs\include\SFML\Main.hpp">
      <Filter>Файлы заголовков</Filter>
    </ClInclude>
    <ClInclude Include="libs\include\SFML\Network.hpp">
      <Filter>Файлы заголовков</Filter>
    </ClInclude>
    <ClInclude Include="libs\include\SFML\OpenGL.hpp">
      <Filter>Файлы заголовков</Filter>
    </ClInclude>
    <ClInclude Include="libs\include\SFML\System.hpp">
      <Filter>Файлы заголовков</Filter>
    </ClInclude>
    <ClInclude Include="libs\include\SFML\Window.hpp">
      <Filter>Файлы заголовков</Filter>
    </ClInclude>
    <ClInclude Include="libs\include\SFML\Window\Clipboard.hpp">
      <Filter>Файлы заголовков</Filter>
    </ClInclude>
    <ClInclude Include="libs\include\SFML\Window\Context.hpp">
      <Filter>Файлы заголовков</Filter>
    </ClInclude>
    <ClInclude Include="libs\include\SFML\Window\ContextSettings.hpp">
      <Filter>Файлы заголовков</Filter>
    </ClInclude>
    <ClInclude Include="libs\include\SFML\Window\Cursor.hpp">
      <Filter>Файлы заголовков</Filter>
    </ClInclude>
    <ClInclude Include="libs\include\SFML\Window\Event.hpp">
      <Filter>Файлы заголовков</Filter>
    </ClInclude>
    <ClInclude Include="libs\include\SFML\Window\Export.hpp">
      <Filter>Файлы заголовков</Filter>
    </ClInclude>
    <ClInclude Include="libs\include\SFML\Window\GlResource.hpp">
      <Filter>Файлы заголовков</Filter>
    </ClInclude>
    <ClInclude Include="libs\include\SFML\Window\Joystick.hpp">
      <Filter>Файлы заголовков</Filter>
    </ClInclude>
    <ClInclude Include="libs\include\SFML\Window\Keyboard.hpp">
      <Filter>Файлы заголовков</Filter>
    </ClInclude>
    <ClInclude Include="libs\include\SFML\Window\Mouse.hpp">
      <Filter>Файлы заголовков</Filter>
    </ClInclude>
    <ClInclude Include="libs\include\SFML\Window\Sensor.hpp">
      <Filter>Файлы заголовков</Filter>
    </ClInclude>
    <ClInclude Include="libs\include\SFML\Window\Touch.hpp">
      <Filter>Файлы заголовков</Filter>
    </ClInclude>
    <ClInclude Include="libs\include\SFML\Window\VideoMode.hpp">
      <Filter>Файлы заголовков</Filter>
    </ClInclude>
    <ClInclude Include="libs\include\SFML\Window\Window.hpp">
      <Filter>Файлы заголовков</Filter>
    </ClInclude>
    <ClInclude Include="libs\include\SFML\Window\WindowHandle.hpp">
      <Filter>Файлы заголовков</Filter>
    </ClInclude>
    <ClInclude Include="libs\include\SFML\Window\WindowStyle.hpp">
      <Filter>Файлы заголовков</Filter>
    </ClInclude>
    <ClInclude Include="libs\include\SFML\System\Clock.hpp">
      <Filter>Файлы заголовков</Filter>
    </ClInclude>
    <ClInclude Include="libs\include\SFML\System\Err.hpp">
      <Filter>Файлы заголовков</Filter>
    </ClInclude>
    <ClInclude Include="libs\include\SFML\System\Export.hpp">
      <Filter>Файлы заголовков</Filter>
    </ClInclude>
    <ClInclude Include="libs\include\SFML\System\FileInputStream.hpp">
      <Filter>Файлы заголовков</Filter>
    </ClInclude>
    <ClInclude Include="libs\include\SFML\System\InputStream.hpp">
      <Filter>Файлы заголовков</Filter>
    </ClInclude>
    <ClInclude Include="libs\include\SFML\System\Lock.hpp">
      <Filter>Файлы заголовков</Filter>
    </ClInclude>
    <ClInclude Include="libs\include\SFML\System\MemoryInputStream.hpp">
      <Filter>Файлы заголовков</Filter>
    </ClInclude>
    <ClInclude Include="libs\include\SFML\System\Mutex.hpp">
      <Filter>Файлы заголовков</Filter>
    </ClInclude>
    <ClInclude Include="libs\include\SFML\System\NativeActivity.hpp">
      <Filter>Файлы заголовков</Filter>
    </ClInclude>
    <ClInclude Include="libs\include\SFML\System\NonCopyable.hpp">
      <Filter>Файлы заголовков</Filter>
    </ClInclude>
    <ClInclude Include="libs\include\SFML\System\Sleep.hpp">
      <Filter>Файлы заголовков</Filter>
    </ClInclude>
    <ClInclude Include="libs\include\SFML\System\String.hpp">
      <Filter>Файлы заголовков</Filter>
    </ClInclude>
    <ClInclude Include="libs\include\SFML\System\Thread.hpp">
      <Filter>Файлы заголовков</Filter>
    </ClInclude>
    <ClInclude Include="libs\include\SFML\System\ThreadLocal.hpp">
      <Filter>Файлы заголовков</Filter>
    </ClInclude>
    <ClInclude Include="libs\include\SFML\System\ThreadLocalPtr.hpp">
      <Filter>Файлы заголовков</Filter>
    </ClInclude>
    <ClInclude Include="libs\include\SFML\System\Time.hpp">
      <Filter>Файлы заголовков</Filter>
    </ClInclude>
    <ClInclude Include="libs\include\SFML\System\Utf.hpp">
      <Filter>Файлы заголовков</Filter>
    </ClInclude>
    <ClInclude Include="libs\include\SFML\System\Vector2.hpp">
      <Filter>Файлы заголовков</Filter>
    </ClInclude>
    <ClInclude Include="libs\include\SFML\System\Vector3.hpp">
      <Filter>Файлы заголовков</Filter>
    </ClInclude>
    <ClInclude Include="libs\include\SFML\Graphics\BlendMode.hpp">
      <Filter>Файлы заголовков</Filter>
    </ClInclude>
    <ClInclude Include="libs\include\SFML\Graphics\CircleShape.hpp">
      <Filter>Файлы заголовков</Filter>
    </ClInclude>
    <ClInclude Include="libs\include\SFML\Graphics\Color.hpp">
      <Filter>Файлы заголовков</Filter>
    </ClInclude>
    <ClInclude Include="libs\include\SFML\Graphics\ConvexShape.hpp">
      <Filter>Файлы заголовков</Filter>
    </ClInclude>
    <ClInclude Include="libs\include\SFML\Graphics\Drawable.hpp">
      <Filter>Файлы заголовков</Filter>
    </ClInclude>
    <ClInclude Include="libs\include\SFML\Graphics\Export.hpp">
      <Filter>Файлы заголовков</Filter>
    </ClInclude>
    <ClInclude Include="libs\include\SFML\Graphics\Font.hpp">
      <Filter>Файлы заголовков</Filter>
    </ClInclude>
    <ClInclude Include="libs\include\SFML\Graphics\Glsl.hpp">
      <Filter>Файлы заголовков</Filter>
    </ClInclude>
    <ClInclude Include="libs\include\SFML\Graphics\Glyph.hpp">
      <Filter>Файлы заголовков</Filter>
    </ClInclude>
    <ClInclude Include="libs\include\SFML\Graphics\Image.hpp">
      <Filter>Файлы заголовков</Filter>
    </ClInclude>
    <ClInclude Include="libs\include\SFML\Graphics\PrimitiveType.hpp">
      <Filter>Файлы заголовков</Filter>
    </ClInclude>
    <ClInclude Include="libs\include\SFML\Graphics\Rect.hpp">
      <Filter>Файлы заголовков</Filter>
    </ClInclude>
    <ClInclude Include="libs\include\SFML\Graphics\RectangleShape.hpp">
      <Filter>Файлы заголовков</Filter>
    </ClInclude>
    <ClInclude Include="libs\include\SFML\Graphics\RenderStates.hpp">
      <Filter>Файлы заголовков</Filter>
    </ClInclude>
    <ClInclude Include="libs\include\SFML\Graphics\RenderTarget.hpp">
      <Filter>Файлы заголовков</Filter>
    </ClInclude>
    <ClInclude Include="libs\include\SFML\Graphics\RenderTexture.hpp">
      <Filter>Файлы заголовков</Filter>
    </ClInclude>
    <ClInclude Include="libs\include\SFML\Graphics\RenderWindow.hpp">
      <Filter>Файлы заголовков</Filter>
    </ClInclude>
    <ClInclude Include="libs\include\SFML\Graphics\Shader.hpp">
      <Filter>Файлы заголовков</Filter>
    </ClInclude>
    <ClInclude Include="libs\include\SFML\Graphics\Shape.hpp">
      <Filter>Файлы заголовков</Filter>
    </ClInclude>
    <ClInclude Include="libs\include\SFML\Graphics\Sprite.hpp">
      <Filter>Файлы заголовков</Filter>
    </ClInclude>
    <ClInclude Include="libs\include\SFML\Graphics\Text.hpp">
      <Filter>Файлы заголовков</Filter>
    </ClInclude>
    <ClInclude Include="libs\include\SFML\Graphics\Texture.hpp">
      <Filter>Файлы заголовков</Filter>
    </ClInclude>
    <ClInclude Include="libs\include\SFML\Graphics\Transform.hpp">
      <Filter>Файлы заголовков</Filter>
    </ClInclude>
    <ClInclude Include="libs\include\SFML\Graphics\Transformable.hpp">
      <Filter>Файлы заголовков</Filter>
    </ClInclude>
    <ClInclude Include="libs\include\SFML\Graphics\Vertex.hpp">
      <Filter>Файлы заголовков</Filter>
    </ClInclude>
    <ClInclude Include="libs\include\SFML\Graphics\VertexArray.hpp">
      <Filter>Файлы заголовков</Filter>
    </ClInclude>
    <ClInclude Include="libs\include\SFML\Graphics\VertexBuffer.hpp">
      <Filter>Файлы заголовков</Filter>
    </ClInclude>
    <ClInclude Include="libs\include\SFML\Graphics\View.hpp">
      <Filter>Файлы заголовков</Filter>
    </ClInclude>
    <ClInclude Include="..\..\..\..\..\Program Files (x86)\Windows Kits\10\Include\10.0.19041.0\um\gl\GL.h">
      <Filter>Файлы заголовков</Filter>
    </ClInclude>
    <ClInclude Include="..\..\..\..\..\Program Files (x86)\Windows Kits\10\Include\10.0.19041.0\um\gl\GLU.h">
      <Filter>Файлы заголовков</Filter>
    </ClInclude>
  </ItemGroup>
</Project>